
Microsoft Visual Studio Solution File, Format Version 11.00
# Visual Studio 2010
Project("{8BC9CEB8-8B4A-11D0-8D11-00A0C91BC942}") = "cycle", "cycle\cycle.vcxproj", "{4074299A-4265-4546-9220-F4B8FA28EEF7}"
EndProject
Global
	GlobalSection(SolutionConfigurationPlatforms) = preSolution
		Debug|Win32 = Debug|Win32
		Release|Win32 = Release|Win32
	EndGlobalSection
	GlobalSection(ProjectConfigurationPlatforms) = postSolution
		{4074299A-4265-4546-9220-F4B8FA28EEF7}.Debug|Win32.ActiveCfg = Debug|Win32
		{4074299A-4265-4546-9220-F4B8FA28EEF7}.Debug|Win32.Build.0 = Debug|Win32
		{4074299A-4265-4546-9220-F4B8FA28EEF7}.Release|Win32.ActiveCfg = Release|Win32
		{4074299A-4265-4546-9220-F4B8FA28EEF7}.Release|Win32.Build.0 = Release|Win32
	EndGlobalSection
	GlobalSection(SolutionProperties) = preSolution
		HideSolutionNode = FALSE
	EndGlobalSection
EndGlobal
